PODS:
  - Flutter (1.0.0)
  - permission_handler (5.0.1):
    - Flutter
  - shared_preferences (0.0.1):
    - Flutter
  - wzmap_location (0.0.1):
    - Flutter

DEPENDENCIES:
  - Flutter (from `Flutter`)
  - permission_handler (from `.symlinks/plugins/permission_handler/ios`)
  - shared_preferences (from `.symlinks/plugins/shared_preferences/ios`)
  - wzmap_location (from `.symlinks/plugins/wzmap_location/ios`)

EXTERNAL SOURCES:
  Flutter:
    :path: Flutter
  permission_handler:
    :path: ".symlinks/plugins/permission_handler/ios"
  shared_preferences:
    :path: ".symlinks/plugins/shared_preferences/ios"
  wzmap_location:
    :path: ".symlinks/plugins/wzmap_location/ios"

SPEC CHECKSUMS:
  Flutter: 0e3d915762c693b495b44d77113d4970485de6ec
  permission_handler: de3d09f293f63be483553e6d0b489f26f21b6b12
  shared_preferences: 47eaded4d5dc0bb45e04e66ce0b93ce876aff8a1
  wzmap_location: 1ad90cb507b236d95e55f4f18c7be16ef13f7c76

PODFILE CHECKSUM: f76c59c7a7d344aa4889a63eb579949137355379

COCOAPODS: 1.16.2
